// !$*UTF8*$!
{
	archiveVersion = 1;
	classes = {
	};
	objectVersion = 56;
	objects = {

/* Begin PBXBuildFile section */
		EBAFF3EC2C6EAF8200A21095 /* NoteTakingAppApp.swift in Sources */ = {isa = PBXBuildFile; fileRef = EBAFF3EB2C6EAF8200A21095 /* NoteTakingAppApp.swift */; };
		EBAFF3EE2C6EAF8200A21095 /* ContentView.swift in Sources */ = {isa = PBXBuildFile; fileRef = EBAFF3ED2C6EAF8200A21095 /* ContentView.swift */; };
		EBAFF3F02C6EAF8400A21095 /* Assets.xcassets in Resources */ = {isa = PBXBuildFile; fileRef = EBAFF3EF2C6EAF8400A21095 /* Assets.xcassets */; };
		EBAFF3F32C6EAF8400A21095 /* Preview Assets.xcassets in Resources */ = {isa = PBXBuildFile; fileRef = EBAFF3F22C6EAF8400A21095 /* Preview Assets.xcassets */; };
		EBAFF3FB2C6EAFE700A21095 /* ImagePicker.swift in Sources */ = {isa = PBXBuildFile; fileRef = EBAFF3FA2C6EAFE700A21095 /* ImagePicker.swift */; };
		EBAFF3FF2C6FF8B300A21095 /* ImageDataModel.swift in Sources */ = {isa = PBXBuildFile; fileRef = EBAFF3FE2C6FF8B300A21095 /* ImageDataModel.swift */; };
		EBAFF4022C6FF9BA00A21095 /* HomeView.swift in Sources */ = {isa = PBXBuildFile; fileRef = EBAFF4012C6FF9BA00A21095 /* HomeView.swift */; };
		EBAFF4042C6FF9CA00A21095 /* NoteDetailView.swift in Sources */ = {isa = PBXBuildFile; fileRef = EBAFF4032C6FF9CA00A21095 /* NoteDetailView.swift */; };
/* End PBXBuildFile section */

/* Begin PBXFileReference section */
		EBAFF3E82C6EAF8200A21095 /* NoteTakingApp.app */ = {isa = PBXFileReference; explicitFileType = wrapper.application; includeInIndex = 0; path = NoteTakingApp.app; sourceTree = BUILT_PRODUCTS_DIR; };
		EBAFF3EB2C6EAF8200A21095 /* NoteTakingAppApp.swift */ = {isa = PBXFileReference; lastKnownFileType = sourcecode.swift; path = NoteTakingAppApp.swift; sourceTree = "<group>"; };
		EBAFF3ED2C6EAF8200A21095 /* ContentView.swift */ = {isa = PBXFileReference; lastKnownFileType = sourcecode.swift; path = ContentView.swift; sourceTree = "<group>"; };
		EBAFF3EF2C6EAF8400A21095 /* Assets.xcassets */ = {isa = PBXFileReference; lastKnownFileType = folder.assetcatalog; path = Assets.xcassets; sourceTree = "<group>"; };
		EBAFF3F22C6EAF8400A21095 /* Preview Assets.xcassets */ = {isa = PBXFileReference; lastKnownFileType = folder.assetcatalog; path = "Preview Assets.xcassets"; sourceTree = "<group>"; };
		EBAFF3FA2C6EAFE700A21095 /* ImagePicker.swift */ = {isa = PBXFileReference; lastKnownFileType = sourcecode.swift; path = ImagePicker.swift; sourceTree = "<group>"; };
		EBAFF3FE2C6FF8B300A21095 /* ImageDataModel.swift */ = {isa = PBXFileReference; lastKnownFileType = sourcecode.swift; path = ImageDataModel.swift; sourceTree = "<group>"; };
		EBAFF4012C6FF9BA00A21095 /* HomeView.swift */ = {isa = PBXFileReference; lastKnownFileType = sourcecode.swift; path = HomeView.swift; sourceTree = "<group>"; };
		EBAFF4032C6FF9CA00A21095 /* NoteDetailView.swift */ = {isa = PBXFileReference; lastKnownFileType = sourcecode.swift; path = NoteDetailView.swift; sourceTree = "<group>"; };
/* End PBXFileReference section */

/* Begin PBXFrameworksBuildPhase section */
		EBAFF3E52C6EAF8200A21095 /* Frameworks */ = {
			isa = PBXFrameworksBuildPhase;
			buildActionMask = 2147483647;
			files = (
			);
			runOnlyForDeploymentPostprocessing = 0;
		};
/* End PBXFrameworksBuildPhase section */

/* Begin PBXGroup section */
		EBAFF3DF2C6EAF8200A21095 = {
			isa = PBXGroup;
			children = (
				EBAFF3EA2C6EAF8200A21095 /* NoteTakingApp */,
				EBAFF3E92C6EAF8200A21095 /* Products */,
			);
			sourceTree = "<group>";
		};
		EBAFF3E92C6EAF8200A21095 /* Products */ = {
			isa = PBXGroup;
			children = (
				EBAFF3E82C6EAF8200A21095 /* NoteTakingApp.app */,
			);
			name = Products;
			sourceTree = "<group>";
		};
		EBAFF3EA2C6EAF8200A21095 /* NoteTakingApp */ = {
			isa = PBXGroup;
			children = (
				EBAFF3EB2C6EAF8200A21095 /* NoteTakingAppApp.swift */,
				EBAFF4002C6FF8CC00A21095 /* Views */,
				EBAFF3FC2C6FF87700A21095 /* ImageData */,
				EBAFF3F92C6EAFB900A21095 /* ImagePickerFeature */,
				EBAFF3EF2C6EAF8400A21095 /* Assets.xcassets */,
				EBAFF3F12C6EAF8400A21095 /* Preview Content */,
			);
			path = NoteTakingApp;
			sourceTree = "<group>";
		};
		EBAFF3F12C6EAF8400A21095 /* Preview Content */ = {
			isa = PBXGroup;
			children = (
				EBAFF3F22C6EAF8400A21095 /* Preview Assets.xcassets */,
			);
			path = "Preview Content";
			sourceTree = "<group>";
		};
		EBAFF3F92C6EAFB900A21095 /* ImagePickerFeature */ = {
			isa = PBXGroup;
			children = (
				EBAFF3FA2C6EAFE700A21095 /* ImagePicker.swift */,
			);
			path = ImagePickerFeature;
			sourceTree = "<group>";
		};
		EBAFF3FC2C6FF87700A21095 /* ImageData */ = {
			isa = PBXGroup;
			children = (
				EBAFF3FD2C6FF8A300A21095 /* Model */,
			);
			path = ImageData;
			sourceTree = "<group>";
		};
		EBAFF3FD2C6FF8A300A21095 /* Model */ = {
			isa = PBXGroup;
			children = (
				EBAFF3FE2C6FF8B300A21095 /* ImageDataModel.swift */,
			);
			path = Model;
			sourceTree = "<group>";
		};
		EBAFF4002C6FF8CC00A21095 /* Views */ = {
			isa = PBXGroup;
			children = (
				EBAFF3ED2C6EAF8200A21095 /* ContentView.swift */,
				EBAFF4012C6FF9BA00A21095 /* HomeView.swift */,
				EBAFF4032C6FF9CA00A21095 /* NoteDetailView.swift */,
			);
			path = Views;
			sourceTree = "<group>";
		};
/* End PBXGroup section */

/* Begin PBXNativeTarget section */
		EBAFF3E72C6EAF8200A21095 /* NoteTakingApp */ = {
			isa = PBXNativeTarget;
			buildConfigurationList = EBAFF3F62C6EAF8400A21095 /* Build configuration list for PBXNativeTarget "NoteTakingApp" */;
			buildPhases = (
				EBAFF3E42C6EAF8200A21095 /* Sources */,
				EBAFF3E52C6EAF8200A21095 /* Frameworks */,
				EBAFF3E62C6EAF8200A21095 /* Resources */,
			);
			buildRules = (
			);
			dependencies = (
			);
			name = NoteTakingApp;
			productName = NoteTakingApp;
			productReference = EBAFF3E82C6EAF8200A21095 /* NoteTakingApp.app */;
			productType = "com.apple.product-type.application";
		};
/* End PBXNativeTarget section */

/* Begin PBXProject section */
		EBAFF3E02C6EAF8200A21095 /* Project object */ = {
			isa = PBXProject;
			attributes = {
				BuildIndependentTargetsInParallel = 1;
				LastSwiftUpdateCheck = 1420;
				LastUpgradeCheck = 1420;
				TargetAttributes = {
					EBAFF3E72C6EAF8200A21095 = {
						CreatedOnToolsVersion = 14.2;
					};
				};
			};
			buildConfigurationList = EBAFF3E32C6EAF8200A21095 /* Build configuration list for PBXProject "NoteTakingApp" */;
			compatibilityVersion = "Xcode 14.0";
			developmentRegion = en;
			hasScannedForEncodings = 0;
			knownRegions = (
				en,
				Base,
			);
			mainGroup = EBAFF3DF2C6EAF8200A21095;
			productRefGroup = EBAFF3E92C6EAF8200A21095 /* Products */;
			projectDirPath = "";
			projectRoot = "";
			targets = (
				EBAFF3E72C6EAF8200A21095 /* NoteTakingApp */,
			);
		};
/* End PBXProject section */

/* Begin PBXResourcesBuildPhase section */
		EBAFF3E62C6EAF8200A21095 /* Resources */ = {
			isa = PBXResourcesBuildPhase;
			buildActionMask = 2147483647;
			files = (
				EBAFF3F32C6EAF8400A21095 /* Preview Assets.xcassets in Resources */,
				EBAFF3F02C6EAF8400A21095 /* Assets.xcassets in Resources */,
			);
			runOnlyForDeploymentPostprocessing = 0;
		};
/* End PBXResourcesBuildPhase section */

/* Begin PBXSourcesBuildPhase section */
		EBAFF3E42C6EAF8200A21095 /* Sources */ = {
			isa = PBXSourcesBuildPhase;
			buildActionMask = 2147483647;
			files = (
				EBAFF3FB2C6EAFE700A21095 /* ImagePicker.swift in Sources */,
				EBAFF3FF2C6FF8B300A21095 /* ImageDataModel.swift in Sources */,
				EBAFF3EE2C6EAF8200A21095 /* ContentView.swift in Sources */,
				EBAFF4042C6FF9CA00A21095 /* NoteDetailView.swift in Sources */,
				EBAFF4022C6FF9BA00A21095 /* HomeView.swift in Sources */,
				EBAFF3EC2C6EAF8200A21095 /* NoteTakingAppApp.swift in Sources */,
			);
			runOnlyForDeploymentPostprocessing = 0;
		};
/* End PBXSourcesBuildPhase section */

/* Begin XCBuildConfiguration section */
		EBAFF3F42C6EAF8400A21095 /* Debug */ = {
			isa = XCBuildConfiguration;
			buildSettings = {
				ALWAYS_SEARCH_USER_PATHS = NO;
				CLANG_ANALYZER_NONNULL = YES;
				CLANG_ANALYZER_NUMBER_OBJECT_CONVERSION = YES_AGGRESSIVE;
				CLANG_CXX_LANGUAGE_STANDARD = "gnu++20";
				CLANG_ENABLE_MODULES = YES;
				CLANG_ENABLE_OBJC_ARC = YES;
				CLANG_ENABLE_OBJC_WEAK = YES;
				CLANG_WARN_BLOCK_CAPTURE_AUTORELEASING = YES;
				CLANG_WARN_BOOL_CONVERSION = YES;
				CLANG_WARN_COMMA = YES;
				CLANG_WARN_CONSTANT_CONVERSION = YES;
				CLANG_WARN_DEPRECATED_OBJC_IMPLEMENTATIONS = YES;
				CLANG_WARN_DIRECT_OBJC_ISA_USAGE = YES_ERROR;
				CLANG_WARN_DOCUMENTATION_COMMENTS = YES;
				CLANG_WARN_EMPTY_BODY = YES;
				CLANG_WARN_ENUM_CONVERSION = YES;
				CLANG_WARN_INFINITE_RECURSION = YES;
				CLANG_WARN_INT_CONVERSION = YES;
				CLANG_WARN_NON_LITERAL_NULL_CONVERSION = YES;
				CLANG_WARN_OBJC_IMPLICIT_RETAIN_SELF = YES;
				CLANG_WARN_OBJC_LITERAL_CONVERSION = YES;
				CLANG_WARN_OBJC_ROOT_CLASS = YES_ERROR;
				CLANG_WARN_QUOTED_INCLUDE_IN_FRAMEWORK_HEADER = YES;
				CLANG_WARN_RANGE_LOOP_ANALYSIS = YES;
				CLANG_WARN_STRICT_PROTOTYPES = YES;
				CLANG_WARN_SUSPICIOUS_MOVE = YES;
				CLANG_WARN_UNGUARDED_AVAILABILITY = YES_AGGRESSIVE;
				CLANG_WARN_UNREACHABLE_CODE = YES;
				CLANG_WARN__DUPLICATE_METHOD_MATCH = YES;
				COPY_PHASE_STRIP = NO;
				DEBUG_INFORMATION_FORMAT = dwarf;
				ENABLE_STRICT_OBJC_MSGSEND = YES;
				ENABLE_TESTABILITY = YES;
				GCC_C_LANGUAGE_STANDARD = gnu11;
				GCC_DYNAMIC_NO_PIC = NO;
				GCC_NO_COMMON_BLOCKS = YES;
				GCC_OPTIMIZATION_LEVEL = 0;
				GCC_PREPROCESSOR_DEFINITIONS = (
					"DEBUG=1",
					"$(inherited)",
				);
				GCC_WARN_64_TO_32_BIT_CONVERSION = YES;
				GCC_WARN_ABOUT_RETURN_TYPE = YES_ERROR;
				GCC_WARN_UNDECLARED_SELECTOR = YES;
				GCC_WARN_UNINITIALIZED_AUTOS = YES_AGGRESSIVE;
				GCC_WARN_UNUSED_FUNCTION = YES;
				GCC_WARN_UNUSED_VARIABLE = YES;
				IPHONEOS_DEPLOYMENT_TARGET = 16.2;
				MTL_ENABLE_DEBUG_INFO = INCLUDE_SOURCE;
				MTL_FAST_MATH = YES;
				ONLY_ACTIVE_ARCH = YES;
				SDKROOT = iphoneos;
				SWIFT_ACTIVE_COMPILATION_CONDITIONS = DEBUG;
				SWIFT_OPTIMIZATION_LEVEL = "-Onone";
			};
			name = Debug;
		};
		EBAFF3F52C6EAF8400A21095 /* Release */ = {
			isa = XCBuildConfiguration;
			buildSettings = {
				ALWAYS_SEARCH_USER_PATHS = NO;
				CLANG_ANALYZER_NONNULL = YES;
				CLANG_ANALYZER_NUMBER_OBJECT_CONVERSION = YES_AGGRESSIVE;
				CLANG_CXX_LANGUAGE_STANDARD = "gnu++20";
				CLANG_ENABLE_MODULES = YES;
				CLANG_ENABLE_OBJC_ARC = YES;
				CLANG_ENABLE_OBJC_WEAK = YES;
				CLANG_WARN_BLOCK_CAPTURE_AUTORELEASING = YES;
				CLANG_WARN_BOOL_CONVERSION = YES;
				CLANG_WARN_COMMA = YES;
				CLANG_WARN_CONSTANT_CONVERSION = YES;
				CLANG_WARN_DEPRECATED_OBJC_IMPLEMENTATIONS = YES;
				CLANG_WARN_DIRECT_OBJC_ISA_USAGE = YES_ERROR;
				CLANG_WARN_DOCUMENTATION_COMMENTS = YES;
				CLANG_WARN_EMPTY_BODY = YES;
				CLANG_WARN_ENUM_CONVERSION = YES;
				CLANG_WARN_INFINITE_RECURSION = YES;
				CLANG_WARN_INT_CONVERSION = YES;
				CLANG_WARN_NON_LITERAL_NULL_CONVERSION = YES;
				CLANG_WARN_OBJC_IMPLICIT_RETAIN_SELF = YES;
				CLANG_WARN_OBJC_LITERAL_CONVERSION = YES;
				CLANG_WARN_OBJC_ROOT_CLASS = YES_ERROR;
				CLANG_WARN_QUOTED_INCLUDE_IN_FRAMEWORK_HEADER = YES;
				CLANG_WARN_RANGE_LOOP_ANALYSIS = YES;
				CLANG_WARN_STRICT_PROTOTYPES = YES;
				CLANG_WARN_SUSPICIOUS_MOVE = YES;
				CLANG_WARN_UNGUARDED_AVAILABILITY = YES_AGGRESSIVE;
				CLANG_WARN_UNREACHABLE_CODE = YES;
				CLANG_WARN__DUPLICATE_METHOD_MATCH = YES;
				COPY_PHASE_STRIP = NO;
				DEBUG_INFORMATION_FORMAT = "dwarf-with-dsym";
				ENABLE_NS_ASSERTIONS = NO;
				ENABLE_STRICT_OBJC_MSGSEND = YES;
				GCC_C_LANGUAGE_STANDARD = gnu11;
				GCC_NO_COMMON_BLOCKS = YES;
				GCC_WARN_64_TO_32_BIT_CONVERSION = YES;
				GCC_WARN_ABOUT_RETURN_TYPE = YES_ERROR;
				GCC_WARN_UNDECLARED_SELECTOR = YES;
				GCC_WARN_UNINITIALIZED_AUTOS = YES_AGGRESSIVE;
				GCC_WARN_UNUSED_FUNCTION = YES;
				GCC_WARN_UNUSED_VARIABLE = YES;
				IPHONEOS_DEPLOYMENT_TARGET = 16.2;
				MTL_ENABLE_DEBUG_INFO = NO;
				MTL_FAST_MATH = YES;
				SDKROOT = iphoneos;
				SWIFT_COMPILATION_MODE = wholemodule;
				SWIFT_OPTIMIZATION_LEVEL = "-O";
				VALIDATE_PRODUCT = YES;
			};
			name = Release;
		};
		EBAFF3F72C6EAF8400A21095 /* Debug */ = {
			isa = XCBuildConfiguration;
			buildSettings = {
				ASSETCATALOG_COMPILER_APPICON_NAME = AppIcon;
				ASSETCATALOG_COMPILER_GLOBAL_ACCENT_COLOR_NAME = AccentColor;
				CODE_SIGN_STYLE = Automatic;
				CURRENT_PROJECT_VERSION = 1;
				DEVELOPMENT_ASSET_PATHS = "\"NoteTakingApp/Preview Content\"";
				DEVELOPMENT_TEAM = CXTXJQMUG9;
				ENABLE_PREVIEWS = YES;
				GENERATE_INFOPLIST_FILE = YES;
				INFOPLIST_KEY_UIApplicationSceneManifest_Generation = YES;
				INFOPLIST_KEY_UIApplicationSupportsIndirectInputEvents = YES;
				INFOPLIST_KEY_UILaunchScreen_Generation = YES;
				INFOPLIST_KEY_UISupportedInterfaceOrientations_iPad = "UIInterfaceOrientationPortrait UIInterfaceOrientationPortraitUpsideDown UIInterfaceOrientationLandscapeLeft UIInterfaceOrientationLandscapeRight";
				INFOPLIST_KEY_UISupportedInterfaceOrientations_iPhone = "UIInterfaceOrientationPortrait UIInterfaceOrientationLandscapeLeft UIInterfaceOrientationLandscapeRight";
				LD_RUNPATH_SEARCH_PATHS = (
					"$(inherited)",
					"@executable_path/Frameworks",
				);
				MARKETING_VERSION = 1.0;
				PRODUCT_BUNDLE_IDENTIFIER = com.ahmeddh.NoteTakingApp;
				PRODUCT_NAME = "$(TARGET_NAME)";
				SWIFT_EMIT_LOC_STRINGS = YES;
				SWIFT_VERSION = 5.0;
				TARGETED_DEVICE_FAMILY = "1,2";
			};
			name = Debug;
		};
		EBAFF3F82C6EAF8400A21095 /* Release */ = {
			isa = XCBuildConfiguration;
			buildSettings = {
				ASSETCATALOG_COMPILER_APPICON_NAME = AppIcon;
				ASSETCATALOG_COMPILER_GLOBAL_ACCENT_COLOR_NAME = AccentColor;
				CODE_SIGN_STYLE = Automatic;
				CURRENT_PROJECT_VERSION = 1;
				DEVELOPMENT_ASSET_PATHS = "\"NoteTakingApp/Preview Content\"";
				DEVELOPMENT_TEAM = CXTXJQMUG9;
				ENABLE_PREVIEWS = YES;
				GENERATE_INFOPLIST_FILE = YES;
				INFOPLIST_KEY_UIApplicationSceneManifest_Generation = YES;
				INFOPLIST_KEY_UIApplicationSupportsIndirectInputEvents = YES;
				INFOPLIST_KEY_UILaunchScreen_Generation = YES;
				INFOPLIST_KEY_UISupportedInterfaceOrientations_iPad = "UIInterfaceOrientationPortrait UIInterfaceOrientationPortraitUpsideDown UIInterfaceOrientationLandscapeLeft UIInterfaceOrientationLandscapeRight";
				INFOPLIST_KEY_UISupportedInterfaceOrientations_iPhone = "UIInterfaceOrientationPortrait UIInterfaceOrientationLandscapeLeft UIInterfaceOrientationLandscapeRight";
				LD_RUNPATH_SEARCH_PATHS = (
					"$(inherited)",
					"@executable_path/Frameworks",
				);
				MARKETING_VERSION = 1.0;
				PRODUCT_BUNDLE_IDENTIFIER = com.ahmeddh.NoteTakingApp;
				PRODUCT_NAME = "$(TARGET_NAME)";
				SWIFT_EMIT_LOC_STRINGS = YES;
				SWIFT_VERSION = 5.0;
				TARGETED_DEVICE_FAMILY = "1,2";
			};
			name = Release;
		};
/* End XCBuildConfiguration section */

/* Begin XCConfigurationList section */
		EBAFF3E32C6EAF8200A21095 /* Build configuration list for PBXProject "NoteTakingApp" */ = {
			isa = XCConfigurationList;
			buildConfigurations = (
				EBAFF3F42C6EAF8400A21095 /* Debug */,
				EBAFF3F52C6EAF8400A21095 /* Release */,
			);
			defaultConfigurationIsVisible = 0;
			defaultConfigurationName = Release;
		};
		EBAFF3F62C6EAF8400A21095 /* Build configuration list for PBXNativeTarget "NoteTakingApp" */ = {
			isa = XCConfigurationList;
			buildConfigurations = (
				EBAFF3F72C6EAF8400A21095 /* Debug */,
				EBAFF3F82C6EAF8400A21095 /* Release */,
			);
			defaultConfigurationIsVisible = 0;
			defaultConfigurationName = Release;
		};
/* End XCConfigurationList section */
	};
	rootObject = EBAFF3E02C6EAF8200A21095 /* Project object */;
}
